
Microsoft Visual Studio Solution File, Format Version 12.00
# Visual Studio 15
VisualStudioVersion = 15.0.28010.2026
MinimumVisualStudioVersion = 10.0.40219.1
Project("{FAE04EC0-301F-11D3-BF4B-00C04F79EFBC}") = "MusicXMLreconstructionEngine", "MusicXMLreconstructionEngine\MusicXMLreconstructionEngine.csproj", "{67F84407-2D35-4373-8B56-4BA4844C5D9C}"
EndProject
Global
	GlobalSection(SolutionConfigurationPlatforms) = preSolution
		Debug|Any CPU = Debug|Any CPU
		Release|Any CPU = Release|Any CPU
	EndGlobalSection
	GlobalSection(ProjectConfigurationPlatforms) = postSolution
		{67F84407-2D35-4373-8B56-4BA4844C5D9C}.Debug|Any CPU.ActiveCfg = Debug|Any CPU
		{67F84407-2D35-4373-8B56-4BA4844C5D9C}.Debug|Any CPU.Build.0 = Debug|Any CPU
		{67F84407-2D35-4373-8B56-4BA4844C5D9C}.Release|Any CPU.ActiveCfg = Release|Any CPU
		{67F84407-2D35-4373-8B56-4BA4844C5D9C}.Release|Any CPU.Build.0 = Release|Any CPU
	EndGlobalSection
	GlobalSection(SolutionProperties) = preSolution
		HideSolutionNode = FALSE
	EndGlobalSection
	GlobalSection(ExtensibilityGlobals) = postSolution
		SolutionGuid = {3B706477-8149-44B7-B1A0-4E94DAE54633}
	EndGlobalSection
EndGlobal
